
Microsoft Visual Studio Solution File, Format Version 12.00
# Visual Studio Version 16
VisualStudioVersion = 16.0.31702.278
MinimumVisualStudioVersion = 10.0.40219.1
Project("{FAE04EC0-301F-11D3-BF4B-00C04F79EFBC}") = "AspectExtension", "AspectExtension\AspectExtension.csproj", "{55CF3299-3591-465C-9D93-EB42752731BC}"
EndProject
Global
	GlobalSection(SolutionConfigurationPlatforms) = preSolution
		Debug|Any CPU = Debug|Any CPU
		Release|Any CPU = Release|Any CPU
	EndGlobalSection
	GlobalSection(ProjectConfigurationPlatforms) = postSolution
		{55CF3299-3591-465C-9D93-EB42752731BC}.Debug|Any CPU.ActiveCfg = Debug|Any CPU
		{55CF3299-3591-465C-9D93-EB42752731BC}.Debug|Any CPU.Build.0 = Debug|Any CPU
		{55CF3299-3591-465C-9D93-EB42752731BC}.Release|Any CPU.ActiveCfg = Release|Any CPU
		{55CF3299-3591-465C-9D93-EB42752731BC}.Release|Any CPU.Build.0 = Release|Any CPU
	EndGlobalSection
	GlobalSection(SolutionProperties) = preSolution
		HideSolutionNode = FALSE
	EndGlobalSection
	GlobalSection(ExtensibilityGlobals) = postSolution
		SolutionGuid = {A582FFDF-2E8C-4BDF-87B4-DAA80AAA3912}
	EndGlobalSection
EndGlobal
